{
  "name": "frontend",
  "lockfileVersion": 3,
  "requires": true,
  "packages": {
    "": {
      "dependencies": {
        "@tamaldip/uvsu-common": "^1.0.23"
      }
    },
    "node_modules/@tamaldip/uvsu-common": {
      "version": "1.0.23",
      "resolved": "https://registry.npmjs.org/@tamaldip/uvsu-common/-/uvsu-common-1.0.23.tgz",
      "integrity": "sha512-2ZqnVg90x50hi5h1xr9C+yLYjwdBGLWA8ECDYjZ2/CXEobUEk8LrO1jJZPDHanknC82JSTdjh/Sg9LJFMQajWg==",
      "license": "MIT",
      "dependencies": {
        "zod": "^4"
      }
    },
    "node_modules/zod": {
      "version": "4.4.3",
      "resolved": "https://registry.npmjs.org/zod/-/zod-4.4.3.tgz",
      "integrity": "sha512-ytENFjIJFl2UwYglde2jchW2Hwm4GJFLDiSXWdTrJQBIN9Fcyp7n4DhxJEiWNAJMV1/BqWfW/kkg71UDcHJyTQ==",
      "license": "MIT",
      "funding": {
        "url": "https://github.com/sponsors/colinhacks"
      }
    }
  }
}
